{
    "_meta": {
        "hash": {
            "sha256": "c85eef6a8bd62b32aabd6792aa04bca3e5203b0e4f9a0ce19cc5200505c68609"
        },
        "pipfile-spec": 6,
        "requires": {
            "python_version": "3.9"
        },
        "sources": [
            {
                "name": "pypi",
                "url": "https://pypi.org/simple",
                "verify_ssl": true
            }
        ]
    },
    "default": {
        "boto3": {
            "hashes": [
                "sha256:a482135c30fa07eaf4370314dd0fb49117222a266d0423b2075aed3835ed1f04",
                "sha256:d5ef160442925f5944e4cde88589f0f195f6c284f05613114fc6bbc35e342fa7"
            ],
            "index": "pypi",
            "version": "==1.17.49"
        },
        "botocore": {
            "hashes": [
                "sha256:6a672ba41dd00e5c1c1824ca8143d180d88de8736d78c0b1f96b8d3cb0466561",
                "sha256:f7f103fa0651c69dd360c7d0ecd874854303de5cc0869e0cbc2818a52baacc69"
            ],
            "markers": "python_version >= '2.7' and python_version not in '3.0, 3.1, 3.2, 3.3, 3.4, 3.5'",
            "version": "==1.20.49"
        },
        "certifi": {
            "hashes": [
                "sha256:1a4995114262bffbc2413b159f2a1a480c969de6e6eb13ee966d470af86af59c",
                "sha256:719a74fb9e33b9bd44cc7f3a8d94bc35e4049deebe19ba7d8e108280cfd59830"
            ],
            "version": "==2020.12.5"
        },
        "chardet": {
            "hashes": [
                "sha256:0d6f53a15db4120f2b08c94f11e7d93d2c911ee118b6b30a04ec3ee8310179fa",
                "sha256:f864054d66fd9118f2e67044ac8981a54775ec5b67aed0441892edb553d21da5"
            ],
            "markers": "python_version >= '2.7' and python_version not in '3.0, 3.1, 3.2, 3.3, 3.4'",
            "version": "==4.0.0"
        },
        "ddtrace": {
            "hashes": [
                "sha256:0586e405011dc1355d313710b3bf0693dcdc65c9924b97ea2091e275ed9c300a",
                "sha256:0cec1637e70b74a967d578975bb50c10dc391b11806030e1ee68a5b99b5f5aeb",
                "sha256:1da8221a5c05748e937020f6de27aea2ec07555fbf06cdba883b1d38b29d4667",
                "sha256:1ec8b91f88f3f9e6f638320a8fe91fa035cd82b1c9ec250db1a2b1b067b28744",
                "sha256:2053bfbbbf059d038e996302c50d1a49c83891c8efa0070c813a216ccf98969c",
                "sha256:283a3d395080032ca71ea067370f9751d9776d70086b494c8bd8f346acafb406",
                "sha256:295c5d719a528f4298f2b7d19ab5bd0e1fa84ea59fd10960ae0849827f06224e",
                "sha256:3dc38e3c7ee2c57020d40475e9e5cd5dfe2831347d4539b8738e90e95d30f700",
                "sha256:40dcd6bb7930856faff77065e24762bdb2730130701661d615dbe4c9b74bd5c6",
                "sha256:44e35c58ab66006ee0e7a5ed1dd69eb3a99e2ea01620fe24dc527271e7d19384",
                "sha256:44f6431d8238e21b0e1f3faf75445eedc05e0d800b82555bf62294fc982dedaa",
                "sha256:460c426e8a10eaf8db7b0c048d076fc0e730bb038fdc66aa2b16ed4355e3f108",
                "sha256:47d2d3b4a1bb84c224f546a343b657107fcb4d6352644aa7e16192785de745f6",
                "sha256:6097a7f3c8daa03eb849f9c409a6f2d2ad18b109076157e299d44df0b782c99d",
                "sha256:6b9a3ddec340a9e8264b81fa275317b83ed1aade425ed1fec4689a34576b7db9",
                "sha256:7a043850a2f867e8c943cc764e0ba66b667b927c3bf95d7085b362ce021f48dd",
                "sha256:7e0936a3f7f7f0aa6c061c0113012693112c6d4ca9178f38b943cbd4a8aa3c82",
                "sha256:81a2a7a76f806e62512080837b15cf07479ad4c0468f6d5f4c3cb0a2a4a9dc26",
                "sha256:8a3cd24f611d2fd14887d449110258d1de670e53951faa8ed33a10d2483f38ca",
                "sha256:917f9752db2adcf977dc7c3cc328c3851e58b8f80ce9db13b4ab18bca468f2db",
                "sha256:93f0b5dad67ffaa1a44d43e407dc335b6eb5b7c1e047b36f014e9acaa6189793",
                "sha256:98e541a6dad10452f00ef3e9f6dd54fa450b1178f0dcf1d6fe13369278415337",
                "sha256:9ccc45b560672c5a7af0c7123cd31b34555bd56a80fcf676368f88f817808083",
                "sha256:a5e23b56b40cb6391cd3eca999cbc9d5c023989060c6a67ee4be3321461ed912",
                "sha256:ac9d286f165fab9382ab034365df69b6c87d1d955c0d373766627032f8deaca8",
                "sha256:b1185469ae47e5491703b27878a450b4c572b9e8fc92822e8472a6d6cc680ae1",
                "sha256:b5a39bd1690d3283a8f8b226931325ed51a9944429d5d45000661a9e5ca36003",
                "sha256:b9502e1f06758d0111c8b41d63fe89ca5476e44fa69aa996ee522633d42b5531",
                "sha256:c387a46e4e732ad5f064353e5bb74f4f989883c68ebbb8a4617c1e58de44517c",
                "sha256:c737cc5f72909adf7b32a57a9814c14227a335f7be80e1ca84cc6438e0c1c43d",
                "sha256:d63286387ccaffe1b8a35179184ea95dc7e96e14c600ae1538d6ac0468d6d415",
                "sha256:d83e79ce484c850ff8ada29288f6bfa02574bd91dc2664ba0acb2ccd4f74fbe8",
                "sha256:e133f5f50f565383954438217ea1588fd2b145d21302108a9609a4416620efef",
                "sha256:e697f3922c097d98dc89e48a5a2c6b3c723b68f99ba2fb112222e40386b52fa2",
                "sha256:e94b408bcd63cc491dc4edb48d644b7db8f6309d2eb34079a7190a79c6146a1f",
                "sha256:f28e715b7f7f2bec24a1e01c1cb6e12a6b182035f3342ca57667ec0227ed0955"
            ],
            "index": "pypi",
            "version": "==0.48.0"
        },
        "idna": {
            "hashes": [
                "sha256:b307872f855b18632ce0c21c5e45be78c0ea7ae4c15c828c20788b26921eb3f6",
                "sha256:b97d804b1e9b523befed77c48dacec60e6dcb0b5391d57af6a65a312a90648c0"
            ],
            "markers": "python_version >= '2.7' and python_version not in '3.0, 3.1, 3.2, 3.3'",
            "version": "==2.10"
        },
        "jmespath": {
            "hashes": [
                "sha256:b85d0567b8666149a93172712e68920734333c0ce7e89b78b3e987f71e5ed4f9",
                "sha256:cdf6525904cc597730141d61b36f2e4b8ecc257c420fa2f4549bac2c2d0cb72f"
            ],
            "markers": "python_version >= '2.6' and python_version not in '3.0, 3.1, 3.2, 3.3'",
            "version": "==0.10.0"
        },
        "prometheus-client": {
            "hashes": [
                "sha256:030e4f9df5f53db2292eec37c6255957eb76168c6f974e4176c711cf91ed34aa",
                "sha256:b6c5a9643e3545bcbfd9451766cbaa5d9c67e7303c7bc32c750b6fa70ecb107d"
            ],
            "index": "pypi",
            "version": "==0.10.1"
        },
        "protobuf": {
            "hashes": [
                "sha256:0277f62b1e42210cafe79a71628c1d553348da81cbd553402a7f7549c50b11d0",
                "sha256:07eec4e2ccbc74e95bb9b3afe7da67957947ee95bdac2b2e91b038b832dd71f0",
                "sha256:1c0e9e56202b9dccbc094353285a252e2b7940b74fdf75f1b4e1b137833fabd7",
                "sha256:1f0b5d156c3df08cc54bc2c8b8b875648ea4cd7ebb2a9a130669f7547ec3488c",
                "sha256:2dc0e8a9e4962207bdc46a365b63a3f1aca6f9681a5082a326c5837ef8f4b745",
                "sha256:3053f13207e7f13dc7be5e9071b59b02020172f09f648e85dc77e3fcb50d1044",
                "sha256:4a054b0b5900b7ea7014099e783fb8c4618e4209fffcd6050857517b3f156e18",
                "sha256:510e66491f1a5ac5953c908aa8300ec47f793130097e4557482803b187a8ee05",
                "sha256:5ff9fa0e67fcab442af9bc8d4ec3f82cb2ff3be0af62dba047ed4187f0088b7d",
                "sha256:90270fe5732c1f1ff664a3bd7123a16456d69b4e66a09a139a00443a32f210b8",
                "sha256:a0a08c6b2e6d6c74a6eb5bf6184968eefb1569279e78714e239d33126e753403",
                "sha256:c5566f956a26cda3abdfacc0ca2e21db6c9f3d18f47d8d4751f2209d6c1a5297",
                "sha256:dab75b56a12b1ceb3e40808b5bd9dfdaef3a1330251956e6744e5b6ed8f8830b",
                "sha256:efa4c4d4fc9ba734e5e85eaced70e1b63fb3c8d08482d839eb838566346f1737",
                "sha256:f17b352d7ce33c81773cf81d536ca70849de6f73c96413f17309f4b43ae7040b",
                "sha256:f42c2f5fb67da5905bfc03733a311f72fa309252bcd77c32d1462a1ad519521e",
                "sha256:f6077db37bfa16494dca58a4a02bfdacd87662247ad6bc1f7f8d13ff3f0013e1",
                "sha256:f80afc0a0ba13339bbab25ca0409e9e2836b12bb012364c06e97c2df250c3343",
                "sha256:f9cadaaa4065d5dd4d15245c3b68b967b3652a3108e77f292b58b8c35114b56c",
                "sha256:fad4f971ec38d8df7f4b632c819bf9bbf4f57cfd7312cf526c69ce17ef32436a"
            ],
            "version": "==3.15.8"
        },
        "python-dateutil": {
            "hashes": [
                "sha256:73ebfe9dbf22e832286dafa60473e4cd239f8592f699aa5adaf10050e6e1823c",
                "sha256:75bb3f31ea686f1197762692a9ee6a7550b59fc6ca3a1f4b5d7e32fb98e2da2a"
            ],
            "markers": "python_version >= '2.7' and python_version not in '3.0, 3.1, 3.2, 3.3'",
            "version": "==2.8.1"
        },
        "requests": {
            "hashes": [
                "sha256:27973dd4a904a4f13b263a19c866c13b92a39ed1c964655f025f3f8d3d75b804",
                "sha256:c210084e36a42ae6b9219e00e48287def368a26d03a048ddad7bfee44f75871e"
            ],
            "index": "pypi",
            "version": "==2.25.1"
        },
        "s3transfer": {
            "hashes": [
                "sha256:5d48b1fd2232141a9d5fb279709117aaba506cacea7f86f11bc392f06bfa8fc2",
                "sha256:c5dadf598762899d8cfaecf68eba649cd25b0ce93b6c954b156aaa3eed160547"
            ],
            "version": "==0.3.6"
        },
        "six": {
            "hashes": [
                "sha256:30639c035cdb23534cd4aa2dd52c3bf48f06e5f4a941509c8bafd8ce11080259",
                "sha256:8b74bedcbbbaca38ff6d7491d76f2b06b3592611af620f8426e82dddb04a5ced"
            ],
            "markers": "python_version >= '2.7' and python_version not in '3.0, 3.1, 3.2, 3.3'",
            "version": "==1.15.0"
        },
        "tenacity": {
            "hashes": [
                "sha256:5bd16ef5d3b985647fe28dfa6f695d343aa26479a04e8792b9d3c8f49e361ae1",
                "sha256:a0ce48587271515db7d3a5e700df9ae69cce98c4b57c23a4886da15243603dd8"
            ],
            "version": "==7.0.0"
        },
        "urllib3": {
            "hashes": [
                "sha256:2f4da4594db7e1e110a944bb1b551fdf4e6c136ad42e4234131391e21eb5b0df",
                "sha256:e7b021f7241115872f92f43c6508082facffbd1c048e3c6e2bb9c2a157e28937"
            ],
            "markers": "python_version >= '2.7' and python_version not in '3.0, 3.1, 3.2, 3.3, 3.4' and python_version < '4'",
            "version": "==1.26.4"
        }
    },
    "develop": {}
}
